
Microsoft Visual Studio Solution File, Format Version 11.00
# Visual Studio 2010
Project("{FAE04EC0-301F-11D3-BF4B-00C04F79EFBC}") = "wheelchair-game-project", "Assembly-CSharp-firstpass.csproj", "{C5400A67-C9D1-FC4C-E15E-258560EB00D3}"
EndProject
Project("{FAE04EC0-301F-11D3-BF4B-00C04F79EFBC}") = "wheelchair-game-project", "Assembly-CSharp.csproj", "{B4405807-59C9-17A4-1A53-E71763718B3F}"
EndProject
Project("{FAE04EC0-301F-11D3-BF4B-00C04F79EFBC}") = "wheelchair-game-project", "Assembly-CSharp-Editor-firstpass.csproj", "{F38AA452-63E8-26CE-BB1C-75AE5E6BE220}"
EndProject
Project("{FAE04EC0-301F-11D3-BF4B-00C04F79EFBC}") = "wheelchair-game-project", "Assembly-CSharp-Editor.csproj", "{F36CCA32-CF78-92FA-94E5-DC59A0AB384D}"
EndProject
Global
	GlobalSection(SolutionConfigurationPlatforms) = preSolution
		Debug|Any CPU = Debug|Any CPU
		Release|Any CPU = Release|Any CPU
	EndGlobalSection
	GlobalSection(ProjectConfigurationPlatforms) = postSolution
		{C5400A67-C9D1-FC4C-E15E-258560EB00D3}.Debug|Any CPU.ActiveCfg = Debug|Any CPU
		{C5400A67-C9D1-FC4C-E15E-258560EB00D3}.Debug|Any CPU.Build.0 = Debug|Any CPU
		{C5400A67-C9D1-FC4C-E15E-258560EB00D3}.Release|Any CPU.ActiveCfg = Release|Any CPU
		{C5400A67-C9D1-FC4C-E15E-258560EB00D3}.Release|Any CPU.Build.0 = Release|Any CPU
		{B4405807-59C9-17A4-1A53-E71763718B3F}.Debug|Any CPU.ActiveCfg = Debug|Any CPU
		{B4405807-59C9-17A4-1A53-E71763718B3F}.Debug|Any CPU.Build.0 = Debug|Any CPU
		{B4405807-59C9-17A4-1A53-E71763718B3F}.Release|Any CPU.ActiveCfg = Release|Any CPU
		{B4405807-59C9-17A4-1A53-E71763718B3F}.Release|Any CPU.Build.0 = Release|Any CPU
		{F38AA452-63E8-26CE-BB1C-75AE5E6BE220}.Debug|Any CPU.ActiveCfg = Debug|Any CPU
		{F38AA452-63E8-26CE-BB1C-75AE5E6BE220}.Debug|Any CPU.Build.0 = Debug|Any CPU
		{F38AA452-63E8-26CE-BB1C-75AE5E6BE220}.Release|Any CPU.ActiveCfg = Release|Any CPU
		{F38AA452-63E8-26CE-BB1C-75AE5E6BE220}.Release|Any CPU.Build.0 = Release|Any CPU
		{F36CCA32-CF78-92FA-94E5-DC59A0AB384D}.Debug|Any CPU.ActiveCfg = Debug|Any CPU
		{F36CCA32-CF78-92FA-94E5-DC59A0AB384D}.Debug|Any CPU.Build.0 = Debug|Any CPU
		{F36CCA32-CF78-92FA-94E5-DC59A0AB384D}.Release|Any CPU.ActiveCfg = Release|Any CPU
		{F36CCA32-CF78-92FA-94E5-DC59A0AB384D}.Release|Any CPU.Build.0 = Release|Any CPU
	EndGlobalSection
	GlobalSection(SolutionProperties) = preSolution
		HideSolutionNode = FALSE
	EndGlobalSection
	GlobalSection(MonoDevelopProperties) = preSolution
		StartupItem = Assembly-CSharp.csproj
	EndGlobalSection
EndGlobal
